
Microsoft Visual Studio Solution File, Format Version 12.00
# Visual Studio Version 16
VisualStudioVersion = 16.0.29806.167
MinimumVisualStudioVersion = 10.0.40219.1
Project("{FAE04EC0-301F-11D3-BF4B-00C04F79EFBC}") = "binary tree", "binary tree\binary tree.csproj", "{A724D77A-C047-4730-BCB2-4772E3F1DDCF}"
EndProject
Global
	GlobalSection(SolutionConfigurationPlatforms) = preSolution
		Debug|Any CPU = Debug|Any CPU
		Release|Any CPU = Release|Any CPU
	EndGlobalSection
	GlobalSection(ProjectConfigurationPlatforms) = postSolution
		{A724D77A-C047-4730-BCB2-4772E3F1DDCF}.Debug|Any CPU.ActiveCfg = Debug|Any CPU
		{A724D77A-C047-4730-BCB2-4772E3F1DDCF}.Debug|Any CPU.Build.0 = Debug|Any CPU
		{A724D77A-C047-4730-BCB2-4772E3F1DDCF}.Release|Any CPU.ActiveCfg = Release|Any CPU
		{A724D77A-C047-4730-BCB2-4772E3F1DDCF}.Release|Any CPU.Build.0 = Release|Any CPU
	EndGlobalSection
	GlobalSection(SolutionProperties) = preSolution
		HideSolutionNode = FALSE
	EndGlobalSection
	GlobalSection(ExtensibilityGlobals) = postSolution
		SolutionGuid = {CE574B5A-FA78-4CDE-8524-61EB5DEE534A}
	EndGlobalSection
EndGlobal
