
Microsoft Visual Studio Solution File, Format Version 12.00
# Visual Studio Version 16
VisualStudioVersion = 16.0.29905.134
MinimumVisualStudioVersion = 10.0.40219.1
Project("{FAE04EC0-301F-11D3-BF4B-00C04F79EFBC}") = "Singleton omskrivning", "Singleton omskrivning\Singleton omskrivning.csproj", "{9CBE8CEF-825C-4070-99D7-A3FAA41E2B29}"
EndProject
Global
	GlobalSection(SolutionConfigurationPlatforms) = preSolution
		Debug|Any CPU = Debug|Any CPU
		Release|Any CPU = Release|Any CPU
	EndGlobalSection
	GlobalSection(ProjectConfigurationPlatforms) = postSolution
		{9CBE8CEF-825C-4070-99D7-A3FAA41E2B29}.Debug|Any CPU.ActiveCfg = Debug|Any CPU
		{9CBE8CEF-825C-4070-99D7-A3FAA41E2B29}.Debug|Any CPU.Build.0 = Debug|Any CPU
		{9CBE8CEF-825C-4070-99D7-A3FAA41E2B29}.Release|Any CPU.ActiveCfg = Release|Any CPU
		{9CBE8CEF-825C-4070-99D7-A3FAA41E2B29}.Release|Any CPU.Build.0 = Release|Any CPU
	EndGlobalSection
	GlobalSection(SolutionProperties) = preSolution
		HideSolutionNode = FALSE
	EndGlobalSection
	GlobalSection(ExtensibilityGlobals) = postSolution
		SolutionGuid = {C6D9522E-2721-44E9-AF6F-27F95DD3209B}
	EndGlobalSection
EndGlobal
