
Microsoft Visual Studio Solution File, Format Version 12.00
# Visual Studio Version 16
VisualStudioVersion = 16.0.30503.244
MinimumVisualStudioVersion = 10.0.40219.1
Project("{FAE04EC0-301F-11D3-BF4B-00C04F79EFBC}") = "Sørøver pointers", "Sørøver pointers\Sørøver pointers.csproj", "{F3BD2EAD-34D5-4CB7-8EB9-7FBD541FAA8C}"
EndProject
Global
	GlobalSection(SolutionConfigurationPlatforms) = preSolution
		Debug|Any CPU = Debug|Any CPU
		Release|Any CPU = Release|Any CPU
	EndGlobalSection
	GlobalSection(ProjectConfigurationPlatforms) = postSolution
		{F3BD2EAD-34D5-4CB7-8EB9-7FBD541FAA8C}.Debug|Any CPU.ActiveCfg = Debug|Any CPU
		{F3BD2EAD-34D5-4CB7-8EB9-7FBD541FAA8C}.Debug|Any CPU.Build.0 = Debug|Any CPU
		{F3BD2EAD-34D5-4CB7-8EB9-7FBD541FAA8C}.Release|Any CPU.ActiveCfg = Release|Any CPU
		{F3BD2EAD-34D5-4CB7-8EB9-7FBD541FAA8C}.Release|Any CPU.Build.0 = Release|Any CPU
	EndGlobalSection
	GlobalSection(SolutionProperties) = preSolution
		HideSolutionNode = FALSE
	EndGlobalSection
	GlobalSection(ExtensibilityGlobals) = postSolution
		SolutionGuid = {A60534EC-48F6-46D1-AD7F-B0BC45DE6D47}
	EndGlobalSection
EndGlobal
